
Microsoft Visual Studio Solution File, Format Version 12.00
# Visual Studio Version 16
VisualStudioVersion = 16.0.30413.136
MinimumVisualStudioVersion = 10.0.40219.1
Project("{FAE04EC0-301F-11D3-BF4B-00C04F79EFBC}") = "LanguageFeatures", "LanguageFeatures\LanguageFeatures.csproj", "{19732A13-96AB-4548-91A6-9C21CE3A3372}"
EndProject
Global
	GlobalSection(SolutionConfigurationPlatforms) = preSolution
		Debug|Any CPU = Debug|Any CPU
		Release|Any CPU = Release|Any CPU
	EndGlobalSection
	GlobalSection(ProjectConfigurationPlatforms) = postSolution
		{19732A13-96AB-4548-91A6-9C21CE3A3372}.Debug|Any CPU.ActiveCfg = Debug|Any CPU
		{19732A13-96AB-4548-91A6-9C21CE3A3372}.Debug|Any CPU.Build.0 = Debug|Any CPU
		{19732A13-96AB-4548-91A6-9C21CE3A3372}.Release|Any CPU.ActiveCfg = Release|Any CPU
		{19732A13-96AB-4548-91A6-9C21CE3A3372}.Release|Any CPU.Build.0 = Release|Any CPU
	EndGlobalSection
	GlobalSection(SolutionProperties) = preSolution
		HideSolutionNode = FALSE
	EndGlobalSection
	GlobalSection(ExtensibilityGlobals) = postSolution
		SolutionGuid = {564AE851-A2F5-45A8-9F0B-8A8770B3908E}
	EndGlobalSection
EndGlobal
